
Microsoft Visual Studio Solution File, Format Version 12.00
# Visual Studio Version 16
VisualStudioVersion = 25.0.1704.0
MinimumVisualStudioVersion = 10.0.40219.1
Project("{FAE04EC0-301F-11D3-BF4B-00C04F79EFBC}") = "RazorPagesBlehNmah", "RazorPagesBlehNmah.csproj", "{E045C135-5114-4704-AFB3-98F13CB336BE}"
EndProject
Global
	GlobalSection(SolutionConfigurationPlatforms) = preSolution
		Debug|Any CPU = Debug|Any CPU
		Release|Any CPU = Release|Any CPU
	EndGlobalSection
	GlobalSection(ProjectConfigurationPlatforms) = postSolution
		{E045C135-5114-4704-AFB3-98F13CB336BE}.Debug|Any CPU.ActiveCfg = Debug|Any CPU
		{E045C135-5114-4704-AFB3-98F13CB336BE}.Debug|Any CPU.Build.0 = Debug|Any CPU
		{E045C135-5114-4704-AFB3-98F13CB336BE}.Release|Any CPU.ActiveCfg = Release|Any CPU
		{E045C135-5114-4704-AFB3-98F13CB336BE}.Release|Any CPU.Build.0 = Release|Any CPU
	EndGlobalSection
	GlobalSection(SolutionProperties) = preSolution
		HideSolutionNode = FALSE
	EndGlobalSection
	GlobalSection(ExtensibilityGlobals) = postSolution
		SolutionGuid = {601DC1A1-059E-400D-AA37-24398E3D3CB5}
	EndGlobalSection
EndGlobal
